
Microsoft Visual Studio Solution File, Format Version 12.00
# Visual Studio 15
VisualStudioVersion = 15.0.28307.1145
MinimumVisualStudioVersion = 10.0.40219.1
Project("{FAE04EC0-301F-11D3-BF4B-00C04F79EFBC}") = "WindowsFormsApp1", "WindowsFormsApp1\WindowsFormsApp1.csproj", "{EEF416CC-01C6-4A65-A85C-E88FCA3086FA}"
EndProject
Global
	GlobalSection(SolutionConfigurationPlatforms) = preSolution
		Debug|Any CPU = Debug|Any CPU
		Release|Any CPU = Release|Any CPU
	EndGlobalSection
	GlobalSection(ProjectConfigurationPlatforms) = postSolution
		{EEF416CC-01C6-4A65-A85C-E88FCA3086FA}.Debug|Any CPU.ActiveCfg = Debug|Any CPU
		{EEF416CC-01C6-4A65-A85C-E88FCA3086FA}.Debug|Any CPU.Build.0 = Debug|Any CPU
		{EEF416CC-01C6-4A65-A85C-E88FCA3086FA}.Release|Any CPU.ActiveCfg = Release|Any CPU
		{EEF416CC-01C6-4A65-A85C-E88FCA3086FA}.Release|Any CPU.Build.0 = Release|Any CPU
	EndGlobalSection
	GlobalSection(SolutionProperties) = preSolution
		HideSolutionNode = FALSE
	EndGlobalSection
	GlobalSection(ExtensibilityGlobals) = postSolution
		SolutionGuid = {C6875C9B-9DC8-49DF-8304-E8F9FD12F11B}
	EndGlobalSection
EndGlobal
